
Microsoft Visual Studio Solution File, Format Version 12.00
# Visual Studio Version 16
VisualStudioVersion = 16.0.30611.23
MinimumVisualStudioVersion = 10.0.40219.1
Project("{8BC9CEB8-8B4A-11D0-8D11-00A0C91BC942}") = "spa_vjezba_4", "spa_vjezba_4\spa_vjezba_4.vcxproj", "{E617E1B9-C347-4B13-A262-0D287F9E4C4C}"
EndProject
Global
	GlobalSection(SolutionConfigurationPlatforms) = preSolution
		Debug|x64 = Debug|x64
		Debug|x86 = Debug|x86
		Release|x64 = Release|x64
		Release|x86 = Release|x86
	EndGlobalSection
	GlobalSection(ProjectConfigurationPlatforms) = postSolution
		{E617E1B9-C347-4B13-A262-0D287F9E4C4C}.Debug|x64.ActiveCfg = Debug|x64
		{E617E1B9-C347-4B13-A262-0D287F9E4C4C}.Debug|x64.Build.0 = Debug|x64
		{E617E1B9-C347-4B13-A262-0D287F9E4C4C}.Debug|x86.ActiveCfg = Debug|Win32
		{E617E1B9-C347-4B13-A262-0D287F9E4C4C}.Debug|x86.Build.0 = Debug|Win32
		{E617E1B9-C347-4B13-A262-0D287F9E4C4C}.Release|x64.ActiveCfg = Release|x64
		{E617E1B9-C347-4B13-A262-0D287F9E4C4C}.Release|x64.Build.0 = Release|x64
		{E617E1B9-C347-4B13-A262-0D287F9E4C4C}.Release|x86.ActiveCfg = Release|Win32
		{E617E1B9-C347-4B13-A262-0D287F9E4C4C}.Release|x86.Build.0 = Release|Win32
	EndGlobalSection
	GlobalSection(SolutionProperties) = preSolution
		HideSolutionNode = FALSE
	EndGlobalSection
	GlobalSection(ExtensibilityGlobals) = postSolution
		SolutionGuid = {AA33A90A-CB94-48DF-A9F4-C04260F596E5}
	EndGlobalSection
EndGlobal
